<?xml version="1.0" encoding="utf-8"?>
<Project ToolsVersion="4.0" xmlns="http://schemas.microsoft.com/developer/msbuild/2003">
  <ItemGroup>
    <Filter Include="Source Files">
      <UniqueIdentifier>{4FC737F1-C7A5-4376-A066-2A32D752A2FF}</UniqueIdentifier>
      <Extensions>cpp;c;cc;cxx;c++;cppm;ixx;def;odl;idl;hpj;bat;asm;asmx</Extensions>
    </Filter>
    <Filter Include="Header Files">
      <UniqueIdentifier>{93995380-89BD-4b04-88EB-625FBE52EBFB}</UniqueIdentifier>
      <Extensions>h;hh;hpp;hxx;h++;hm;inl;inc;ipp;xsd</Extensions>
    </Filter>
    <Filter Include="Resource Files">
      <UniqueIdentifier>{67DA6AB6-F800-4c08-8B7A-83BB121AAD01}</UniqueIdentifier>
      <Extensions>rc;ico;cur;bmp;dlg;rc2;rct;bin;rgs;gif;jpg;jpeg;jpe;resx;tiff;tif;png;wav;mfcribbon-ms</Extensions>
    </Filter>
    <Filter Include="Header Files\Test">
      <UniqueIdentifier>{e762f9dd-01d7-411a-b53a-4b97aa12deb2}</UniqueIdentifier>
    </Filter>
    <Filter Include="Header Files\Cosmoscope">
      <UniqueIdentifier>{d918d751-f056-44bd-a0ae-cc5577e90526}</UniqueIdentifier>
    </Filter>
    <Filter Include="Source Files\Cosmoscope">
      <UniqueIdentifier>{7179e95a-2757-4947-bfd9-b5e3b94b9b96}</UniqueIdentifier>
    </Filter>
    <Filter Include="Source Files\CosmoscopeSDL">
      <UniqueIdentifier>{de235cc9-1a28-41e8-a3a8-4fba02274526}</UniqueIdentifier>
    </Filter>
    <Filter Include="Header Files\CosmoscopeSDL">
      <UniqueIdentifier>{2aac1f6c-d2af-4abc-8571-e6d6af4ae6cd}</UniqueIdentifier>
    </Filter>
    <Filter Include="Header Files\SDL_SavePNG">
      <UniqueIdentifier>{56726aa1-8e93-4354-9ec0-3f93be745369}</UniqueIdentifier>
    </Filter>
    <Filter Include="Source Files\SDL_SavePNG">
      <UniqueIdentifier>{a16d249a-a3cb-4451-89b9-cc6292dd596a}</UniqueIdentifier>
    </Filter>
    <Filter Include="Header Files\DrawSDL">
      <UniqueIdentifier>{51c1dbce-6423-4380-b2b0-b1ae26b58796}</UniqueIdentifier>
    </Filter>
    <Filter Include="Source Files\DrawSDL">
      <UniqueIdentifier>{3dec1231-1b59-4e22-9f22-4e3753ccc8aa}</UniqueIdentifier>
    </Filter>
    <Filter Include="Source Files\CosmoscopeGL">
      <UniqueIdentifier>{07a719a3-64ad-4a78-8e3b-eb5df85b8978}</UniqueIdentifier>
    </Filter>
    <Filter Include="Header Files\CosmoscopeGL">
      <UniqueIdentifier>{cf4961a3-89b9-4801-8038-e9e4ac4f3788}</UniqueIdentifier>
    </Filter>
  </ItemGroup>
  <ItemGroup>
    <ClCompile Include="src\Main.cpp">
      <Filter>Source Files</Filter>
    </ClCompile>
    <ClCompile Include="src\CSC_CallbackFuncs.cpp">
      <Filter>Source Files\Cosmoscope</Filter>
    </ClCompile>
    <ClCompile Include="src\CSC_CoorSystem.cpp">
      <Filter>Source Files\Cosmoscope</Filter>
    </ClCompile>
    <ClCompile Include="src\CSC_FuncTree.cpp">
      <Filter>Source Files\Cosmoscope</Filter>
    </ClCompile>
    <ClCompile Include="src\CSC_RelativeFunc.cpp">
      <Filter>Source Files\Cosmoscope</Filter>
    </ClCompile>
    <ClCompile Include="src\CSC_Style.cpp">
      <Filter>Source Files\Cosmoscope</Filter>
    </ClCompile>
    <ClCompile Include="src\CSC_Time.cpp">
      <Filter>Source Files\Cosmoscope</Filter>
    </ClCompile>
    <ClCompile Include="src\CSC_CallbackTools.cpp">
      <Filter>Source Files\Cosmoscope</Filter>
    </ClCompile>
    <ClCompile Include="src\CSC_Scheduler.cpp">
      <Filter>Source Files\Cosmoscope</Filter>
    </ClCompile>
    <ClCompile Include="src\Brushes.cpp">
      <Filter>Source Files\DrawSDL</Filter>
    </ClCompile>
    <ClCompile Include="src\WindowManager.cpp">
      <Filter>Source Files\DrawSDL</Filter>
    </ClCompile>
    <ClCompile Include="src\CSC_CosmovertorSDL.cpp">
      <Filter>Source Files\CosmoscopeSDL</Filter>
    </ClCompile>
    <ClCompile Include="src\CSC_StyleSDL.cpp">
      <Filter>Source Files\CosmoscopeSDL</Filter>
    </ClCompile>
    <ClCompile Include="src\CSC_SnapQueueSDL.cpp">
      <Filter>Source Files\CosmoscopeSDL</Filter>
    </ClCompile>
    <ClCompile Include="SDL_SavePNG\savepng.c">
      <Filter>Source Files\SDL_SavePNG</Filter>
    </ClCompile>
    <ClCompile Include="src\CSC_CosmosDrawerSDL.cpp">
      <Filter>Source Files\CosmoscopeSDL</Filter>
    </ClCompile>
    <ClCompile Include="src\WindowManagerSDL.cpp">
      <Filter>Source Files\DrawSDL</Filter>
    </ClCompile>
    <ClCompile Include="src\CSC_CosmosWindowSDL.cpp">
      <Filter>Source Files\CosmoscopeSDL</Filter>
    </ClCompile>
    <ClCompile Include="src\WIndowManagerGL.cpp">
      <Filter>Source Files\DrawSDL</Filter>
    </ClCompile>
    <ClCompile Include="src\CSC_CosmosWindowGL.cpp">
      <Filter>Source Files\CosmoscopeGL</Filter>
    </ClCompile>
    <ClCompile Include="src\CosmicShader.cpp">
      <Filter>Source Files\Cosmoscope</Filter>
    </ClCompile>
  </ItemGroup>
  <ItemGroup>
    <ClInclude Include="include\CSC_CallbackFuncs.h">
      <Filter>Header Files\Cosmoscope</Filter>
    </ClInclude>
    <ClInclude Include="include\CSC_CoorSystem.h">
      <Filter>Header Files\Cosmoscope</Filter>
    </ClInclude>
    <ClInclude Include="include\CSC_FuncTree.h">
      <Filter>Header Files\Cosmoscope</Filter>
    </ClInclude>
    <ClInclude Include="include\CSC_RelativeFunc.h">
      <Filter>Header Files\Cosmoscope</Filter>
    </ClInclude>
    <ClInclude Include="include\CSC_Style.h">
      <Filter>Header Files\Cosmoscope</Filter>
    </ClInclude>
    <ClInclude Include="include\CSC_Time.h">
      <Filter>Header Files\Cosmoscope</Filter>
    </ClInclude>
    <ClInclude Include="include\CallbackExamples.h">
      <Filter>Header Files\Test</Filter>
    </ClInclude>
    <ClInclude Include="include\CSC_CallbackTools.h">
      <Filter>Header Files\Cosmoscope</Filter>
    </ClInclude>
    <ClInclude Include="include\CSC_Scheduler.h">
      <Filter>Header Files\Cosmoscope</Filter>
    </ClInclude>
    <ClInclude Include="include\CSC_CosmovertorSDL.h">
      <Filter>Header Files\CosmoscopeSDL</Filter>
    </ClInclude>
    <ClInclude Include="include\Brushes.h">
      <Filter>Header Files\DrawSDL</Filter>
    </ClInclude>
    <ClInclude Include="include\WindowManager.h">
      <Filter>Header Files\DrawSDL</Filter>
    </ClInclude>
    <ClInclude Include="include\CSC_SnapQueueSDL.h">
      <Filter>Header Files\CosmoscopeSDL</Filter>
    </ClInclude>
    <ClInclude Include="include\CSC_StyleSDL.h">
      <Filter>Header Files\CosmoscopeSDL</Filter>
    </ClInclude>
    <ClInclude Include="SDL_SavePNG\savepng.h">
      <Filter>Header Files\SDL_SavePNG</Filter>
    </ClInclude>
    <ClInclude Include="include\CSC_CosmosDrawerSDL.h">
      <Filter>Header Files\CosmoscopeSDL</Filter>
    </ClInclude>
    <ClInclude Include="include\CSC_CoorSystemSDL.h">
      <Filter>Header Files\CosmoscopeSDL</Filter>
    </ClInclude>
    <ClInclude Include="include\CSC_CosmosWindowSDL.h">
      <Filter>Header Files\CosmoscopeSDL</Filter>
    </ClInclude>
    <ClInclude Include="include\WindowManagerSDL.h">
      <Filter>Header Files\DrawSDL</Filter>
    </ClInclude>
    <ClInclude Include="include\WindowManagerGL.h">
      <Filter>Header Files\DrawSDL</Filter>
    </ClInclude>
    <ClInclude Include="include\CSC_CosmosWindowGL.h">
      <Filter>Header Files\CosmoscopeGL</Filter>
    </ClInclude>
    <ClInclude Include="include\CSC_CosmicShader.h">
      <Filter>Header Files\Cosmoscope</Filter>
    </ClInclude>
    <ClInclude Include="include\CSC_CosmicCallback.h">
      <Filter>Header Files\Cosmoscope</Filter>
    </ClInclude>
    <ClInclude Include="include\CSC_CosmicObject.h">
      <Filter>Header Files\Cosmoscope</Filter>
    </ClInclude>
    <ClInclude Include="include\CSC_CosmosMachine.h">
      <Filter>Header Files\Cosmoscope</Filter>
    </ClInclude>
  </ItemGroup>
  <ItemGroup>
    <None Include="packages.config" />
  </ItemGroup>
</Project>